// !$*UTF8*$!
{
	archiveVersion = 1;
	classes = {
	};
	objectVersion = 46;
	objects = {

/* Begin PBXBuildFile section */
		18570DE21D355DD800370A87 /* AppDelegate.swift in Sources */ = {isa = PBXBuildFile; fileRef = 18570DE11D355DD800370A87 /* AppDelegate.swift */; };
		18570DE71D355DED00370A87 /* MapViewController.swift in Sources */ = {isa = PBXBuildFile; fileRef = 18570DE31D355DED00370A87 /* MapViewController.swift */; };
		18570DE81D355DED00370A87 /* JournalEntryViewController.swift in Sources */ = {isa = PBXBuildFile; fileRef = 18570DE41D355DED00370A87 /* JournalEntryViewController.swift */; };
		18570DE91D355DED00370A87 /* MapViewController.xib in Resources */ = {isa = PBXBuildFile; fileRef = 18570DE51D355DED00370A87 /* MapViewController.xib */; };
		18570DEA1D355DED00370A87 /* JournalEntryViewController.xib in Resources */ = {isa = PBXBuildFile; fileRef = 18570DE61D355DED00370A87 /* JournalEntryViewController.xib */; };
		189230701D355CF200AF513F /* Assets.xcassets in Resources */ = {isa = PBXBuildFile; fileRef = 1892306F1D355CF200AF513F /* Assets.xcassets */; };
		189230731D355CF200AF513F /* LaunchScreen.storyboard in Resources */ = {isa = PBXBuildFile; fileRef = 189230711D355CF200AF513F /* LaunchScreen.storyboard */; };
		1892307E1D355CF200AF513F /* iXpore2Tests.swift in Sources */ = {isa = PBXBuildFile; fileRef = 1892307D1D355CF200AF513F /* iXpore2Tests.swift */; };
		189230891D355CF200AF513F /* iXpore2UITests.swift in Sources */ = {isa = PBXBuildFile; fileRef = 189230881D355CF200AF513F /* iXpore2UITests.swift */; };
/* End PBXBuildFile section */

/* Begin PBXContainerItemProxy section */
		1892307A1D355CF200AF513F /* PBXContainerItemProxy */ = {
			isa = PBXContainerItemProxy;
			containerPortal = 1892305D1D355CF200AF513F /* Project object */;
			proxyType = 1;
			remoteGlobalIDString = 189230641D355CF200AF513F;
			remoteInfo = iXpore2;
		};
		189230851D355CF200AF513F /* PBXContainerItemProxy */ = {
			isa = PBXContainerItemProxy;
			containerPortal = 1892305D1D355CF200AF513F /* Project object */;
			proxyType = 1;
			remoteGlobalIDString = 189230641D355CF200AF513F;
			remoteInfo = iXpore2;
		};
/* End PBXContainerItemProxy section */

/* Begin PBXFileReference section */
		18570DE11D355DD800370A87 /* AppDelegate.swift */ = {isa = PBXFileReference; fileEncoding = 4; lastKnownFileType = sourcecode.swift; name = AppDelegate.swift; path = ../../iXplore/iXplore/AppDelegate.swift; sourceTree = "<group>"; };
		18570DE31D355DED00370A87 /* MapViewController.swift */ = {isa = PBXFileReference; fileEncoding = 4; lastKnownFileType = sourcecode.swift; name = MapViewController.swift; path = ../../iXplore/MapViewController.swift; sourceTree = "<group>"; };
		18570DE41D355DED00370A87 /* JournalEntryViewController.swift */ = {isa = PBXFileReference; fileEncoding = 4; lastKnownFileType = sourcecode.swift; name = JournalEntryViewController.swift; path = ../../iXplore/JournalEntryViewController.swift; sourceTree = "<group>"; };
		18570DE51D355DED00370A87 /* MapViewController.xib */ = {isa = PBXFileReference; fileEncoding = 4; lastKnownFileType = file.xib; name = MapViewController.xib; path = ../../iXplore/MapViewController.xib; sourceTree = "<group>"; };
		18570DE61D355DED00370A87 /* JournalEntryViewController.xib */ = {isa = PBXFileReference; fileEncoding = 4; lastKnownFileType = file.xib; name = JournalEntryViewController.xib; path = ../../iXplore/JournalEntryViewController.xib; sourceTree = "<group>"; };
		189230651D355CF200AF513F /* iXpore2.app */ = {isa = PBXFileReference; explicitFileType = wrapper.application; includeInIndex = 0; path = iXpore2.app; sourceTree = BUILT_PRODUCTS_DIR; };
		1892306F1D355CF200AF513F /* Assets.xcassets */ = {isa = PBXFileReference; lastKnownFileType = folder.assetcatalog; path = Assets.xcassets; sourceTree = "<group>"; };
		189230721D355CF200AF513F /* Base */ = {isa = PBXFileReference; lastKnownFileType = file.storyboard; name = Base; path = Base.lproj/LaunchScreen.storyboard; sourceTree = "<group>"; };
		189230741D355CF200AF513F /* Info.plist */ = {isa = PBXFileReference; lastKnownFileType = text.plist.xml; path = Info.plist; sourceTree = "<group>"; };
		189230791D355CF200AF513F /* iXpore2Tests.xctest */ = {isa = PBXFileReference; explicitFileType = wrapper.cfbundle; includeInIndex = 0; path = iXpore2Tests.xctest; sourceTree = BUILT_PRODUCTS_DIR; };
		1892307D1D355CF200AF513F /* iXpore2Tests.swift */ = {isa = PBXFileReference; lastKnownFileType = sourcecode.swift; path = iXpore2Tests.swift; sourceTree = "<group>"; };
		1892307F1D355CF200AF513F /* Info.plist */ = {isa = PBXFileReference; lastKnownFileType = text.plist.xml; path = Info.plist; sourceTree = "<group>"; };
		189230841D355CF200AF513F /* iXpore2UITests.xctest */ = {isa = PBXFileReference; explicitFileType = wrapper.cfbundle; includeInIndex = 0; path = iXpore2UITests.xctest; sourceTree = BUILT_PRODUCTS_DIR; };
		189230881D355CF200AF513F /* iXpore2UITests.swift */ = {isa = PBXFileReference; lastKnownFileType = sourcecode.swift; path = iXpore2UITests.swift; sourceTree = "<group>"; };
		1892308A1D355CF200AF513F /* Info.plist */ = {isa = PBXFileReference; lastKnownFileType = text.plist.xml; path = Info.plist; sourceTree = "<group>"; };
/* End PBXFileReference section */

/* Begin PBXFrameworksBuildPhase section */
		189230621D355CF200AF513F /* Frameworks */ = {
			isa = PBXFrameworksBuildPhase;
			buildActionMask = 2147483647;
			files = (
			);
			runOnlyForDeploymentPostprocessing = 0;
		};
		189230761D355CF200AF513F /* Frameworks */ = {
			isa = PBXFrameworksBuildPhase;
			buildActionMask = 2147483647;
			files = (
			);
			runOnlyForDeploymentPostprocessing = 0;
		};
		189230811D355CF200AF513F /* Frameworks */ = {
			isa = PBXFrameworksBuildPhase;
			buildActionMask = 2147483647;
			files = (
			);
			runOnlyForDeploymentPostprocessing = 0;
		};
/* End PBXFrameworksBuildPhase section */

/* Begin PBXGroup section */
		1892305C1D355CF200AF513F = {
			isa = PBXGroup;
			children = (
				189230671D355CF200AF513F /* iXpore2 */,
				1892307C1D355CF200AF513F /* iXpore2Tests */,
				189230871D355CF200AF513F /* iXpore2UITests */,
				189230661D355CF200AF513F /* Products */,
			);
			sourceTree = "<group>";
		};
		189230661D355CF200AF513F /* Products */ = {
			isa = PBXGroup;
			children = (
				189230651D355CF200AF513F /* iXpore2.app */,
				189230791D355CF200AF513F /* iXpore2Tests.xctest */,
				189230841D355CF200AF513F /* iXpore2UITests.xctest */,
			);
			name = Products;
			sourceTree = "<group>";
		};
		189230671D355CF200AF513F /* iXpore2 */ = {
			isa = PBXGroup;
			children = (
				18570DE11D355DD800370A87 /* AppDelegate.swift */,
				18570DE31D355DED00370A87 /* MapViewController.swift */,
				18570DE41D355DED00370A87 /* JournalEntryViewController.swift */,
				18570DE51D355DED00370A87 /* MapViewController.xib */,
				18570DE61D355DED00370A87 /* JournalEntryViewController.xib */,
				1892306F1D355CF200AF513F /* Assets.xcassets */,
				189230711D355CF200AF513F /* LaunchScreen.storyboard */,
				189230741D355CF200AF513F /* Info.plist */,
			);
			path = iXpore2;
			sourceTree = "<group>";
		};
		1892307C1D355CF200AF513F /* iXpore2Tests */ = {
			isa = PBXGroup;
			children = (
				1892307D1D355CF200AF513F /* iXpore2Tests.swift */,
				1892307F1D355CF200AF513F /* Info.plist */,
			);
			path = iXpore2Tests;
			sourceTree = "<group>";
		};
		189230871D355CF200AF513F /* iXpore2UITests */ = {
			isa = PBXGroup;
			children = (
				189230881D355CF200AF513F /* iXpore2UITests.swift */,
				1892308A1D355CF200AF513F /* Info.plist */,
			);
			path = iXpore2UITests;
			sourceTree = "<group>";
		};
/* End PBXGroup section */

/* Begin PBXNativeTarget section */
		189230641D355CF200AF513F /* iXpore2 */ = {
			isa = PBXNativeTarget;
			buildConfigurationList = 1892308D1D355CF200AF513F /* Build configuration list for PBXNativeTarget "iXpore2" */;
			buildPhases = (
				189230611D355CF200AF513F /* Sources */,
				189230621D355CF200AF513F /* Frameworks */,
				189230631D355CF200AF513F /* Resources */,
			);
			buildRules = (
			);
			dependencies = (
			);
			name = iXpore2;
			productName = iXpore2;
			productReference = 189230651D355CF200AF513F /* iXpore2.app */;
			productType = "com.apple.product-type.application";
		};
		189230781D355CF200AF513F /* iXpore2Tests */ = {
			isa = PBXNativeTarget;
			buildConfigurationList = 189230901D355CF200AF513F /* Build configuration list for PBXNativeTarget "iXpore2Tests" */;
			buildPhases = (
				189230751D355CF200AF513F /* Sources */,
				189230761D355CF200AF513F /* Frameworks */,
				189230771D355CF200AF513F /* Resources */,
			);
			buildRules = (
			);
			dependencies = (
				1892307B1D355CF200AF513F /* PBXTargetDependency */,
			);
			name = iXpore2Tests;
			productName = iXpore2Tests;
			productReference = 189230791D355CF200AF513F /* iXpore2Tests.xctest */;
			productType = "com.apple.product-type.bundle.unit-test";
		};
		189230831D355CF200AF513F /* iXpore2UITests */ = {
			isa = PBXNativeTarget;
			buildConfigurationList = 189230931D355CF200AF513F /* Build configuration list for PBXNativeTarget "iXpore2UITests" */;
			buildPhases = (
				189230801D355CF200AF513F /* Sources */,
				189230811D355CF200AF513F /* Frameworks */,
				189230821D355CF200AF513F /* Resources */,
			);
			buildRules = (
			);
			dependencies = (
				189230861D355CF200AF513F /* PBXTargetDependency */,
			);
			name = iXpore2UITests;
			productName = iXpore2UITests;
			productReference = 189230841D355CF200AF513F /* iXpore2UITests.xctest */;
			productType = "com.apple.product-type.bundle.ui-testing";
		};
/* End PBXNativeTarget section */

/* Begin PBXProject section */
		1892305D1D355CF200AF513F /* Project object */ = {
			isa = PBXProject;
			attributes = {
				LastSwiftUpdateCheck = 0730;
				LastUpgradeCheck = 0730;
				ORGANIZATIONNAME = "Tanmay Bhatia";
				TargetAttributes = {
					189230641D355CF200AF513F = {
						CreatedOnToolsVersion = 7.3.1;
						DevelopmentTeam = J94999F9ME;
					};
					189230781D355CF200AF513F = {
						CreatedOnToolsVersion = 7.3.1;
						DevelopmentTeam = J94999F9ME;
						TestTargetID = 189230641D355CF200AF513F;
					};
					189230831D355CF200AF513F = {
						CreatedOnToolsVersion = 7.3.1;
						DevelopmentTeam = J94999F9ME;
						TestTargetID = 189230641D355CF200AF513F;
					};
				};
			};
			buildConfigurationList = 189230601D355CF200AF513F /* Build configuration list for PBXProject "iXpore2" */;
			compatibilityVersion = "Xcode 3.2";
			developmentRegion = English;
			hasScannedForEncodings = 0;
			knownRegions = (
				en,
				Base,
			);
			mainGroup = 1892305C1D355CF200AF513F;
			productRefGroup = 189230661D355CF200AF513F /* Products */;
			projectDirPath = "";
			projectRoot = "";
			targets = (
				189230641D355CF200AF513F /* iXpore2 */,
				189230781D355CF200AF513F /* iXpore2Tests */,
				189230831D355CF200AF513F /* iXpore2UITests */,
			);
		};
/* End PBXProject section */

/* Begin PBXResourcesBuildPhase section */
		189230631D355CF200AF513F /* Resources */ = {
			isa = PBXResourcesBuildPhase;
			buildActionMask = 2147483647;
			files = (
				189230731D355CF200AF513F /* LaunchScreen.storyboard in Resources */,
				18570DEA1D355DED00370A87 /* JournalEntryViewController.xib in Resources */,
				189230701D355CF200AF513F /* Assets.xcassets in Resources */,
				18570DE91D355DED00370A87 /* MapViewController.xib in Resources */,
			);
			runOnlyForDeploymentPostprocessing = 0;
		};
		189230771D355CF200AF513F /* Resources */ = {
			isa = PBXResourcesBuildPhase;
			buildActionMask = 2147483647;
			files = (
			);
			runOnlyForDeploymentPostprocessing = 0;
		};
		189230821D355CF200AF513F /* Resources */ = {
			isa = PBXResourcesBuildPhase;
			buildActionMask = 2147483647;
			files = (
			);
			runOnlyForDeploymentPostprocessing = 0;
		};
/* End PBXResourcesBuildPhase section */

/* Begin PBXSourcesBuildPhase section */
		189230611D355CF200AF513F /* Sources */ = {
			isa = PBXSourcesBuildPhase;
			buildActionMask = 2147483647;
			files = (
				18570DE21D355DD800370A87 /* AppDelegate.swift in Sources */,
				18570DE71D355DED00370A87 /* MapViewController.swift in Sources */,
				18570DE81D355DED00370A87 /* JournalEntryViewController.swift in Sources */,
			);
			runOnlyForDeploymentPostprocessing = 0;
		};
		189230751D355CF200AF513F /* Sources */ = {
			isa = PBXSourcesBuildPhase;
			buildActionMask = 2147483647;
			files = (
				1892307E1D355CF200AF513F /* iXpore2Tests.swift in Sources */,
			);
			runOnlyForDeploymentPostprocessing = 0;
		};
		189230801D355CF200AF513F /* Sources */ = {
			isa = PBXSourcesBuildPhase;
			buildActionMask = 2147483647;
			files = (
				189230891D355CF200AF513F /* iXpore2UITests.swift in Sources */,
			);
			runOnlyForDeploymentPostprocessing = 0;
		};
/* End PBXSourcesBuildPhase section */

/* Begin PBXTargetDependency section */
		1892307B1D355CF200AF513F /* PBXTargetDependency */ = {
			isa = PBXTargetDependency;
			target = 189230641D355CF200AF513F /* iXpore2 */;
			targetProxy = 1892307A1D355CF200AF513F /* PBXContainerItemProxy */;
		};
		189230861D355CF200AF513F /* PBXTargetDependency */ = {
			isa = PBXTargetDependency;
			target = 189230641D355CF200AF513F /* iXpore2 */;
			targetProxy = 189230851D355CF200AF513F /* PBXContainerItemProxy */;
		};
/* End PBXTargetDependency section */

/* Begin PBXVariantGroup section */
		189230711D355CF200AF513F /* LaunchScreen.storyboard */ = {
			isa = PBXVariantGroup;
			children = (
				189230721D355CF200AF513F /* Base */,
			);
			name = LaunchScreen.storyboard;
			sourceTree = "<group>";
		};
/* End PBXVariantGroup section */

/* Begin XCBuildConfiguration section */
		1892308B1D355CF200AF513F /* Debug */ = {
			isa = XCBuildConfiguration;
			buildSettings = {
				ALWAYS_SEARCH_USER_PATHS = NO;
				CLANG_ANALYZER_NONNULL = YES;
				CLANG_CXX_LANGUAGE_STANDARD = "gnu++0x";
				CLANG_CXX_LIBRARY = "libc++";
				CLANG_ENABLE_MODULES = YES;
				CLANG_ENABLE_OBJC_ARC = YES;
				CLANG_WARN_BOOL_CONVERSION = YES;
				CLANG_WARN_CONSTANT_CONVERSION = YES;
				CLANG_WARN_DIRECT_OBJC_ISA_USAGE = YES_ERROR;
				CLANG_WARN_EMPTY_BODY = YES;
				CLANG_WARN_ENUM_CONVERSION = YES;
				CLANG_WARN_INT_CONVERSION = YES;
				CLANG_WARN_OBJC_ROOT_CLASS = YES_ERROR;
				CLANG_WARN_UNREACHABLE_CODE = YES;
				CLANG_WARN__DUPLICATE_METHOD_MATCH = YES;
				"CODE_SIGN_IDENTITY[sdk=iphoneos*]" = "iPhone Developer";
				COPY_PHASE_STRIP = NO;
				DEBUG_INFORMATION_FORMAT = dwarf;
				ENABLE_STRICT_OBJC_MSGSEND = YES;
				ENABLE_TESTABILITY = YES;
				GCC_C_LANGUAGE_STANDARD = gnu99;
				GCC_DYNAMIC_NO_PIC = NO;
				GCC_NO_COMMON_BLOCKS = YES;
				GCC_OPTIMIZATION_LEVEL = 0;
				GCC_PREPROCESSOR_DEFINITIONS = (
					"DEBUG=1",
					"$(inherited)",
				);
				GCC_WARN_64_TO_32_BIT_CONVERSION = YES;
				GCC_WARN_ABOUT_RETURN_TYPE = YES_ERROR;
				GCC_WARN_UNDECLARED_SELECTOR = YES;
				GCC_WARN_UNINITIALIZED_AUTOS = YES_AGGRESSIVE;
				GCC_WARN_UNUSED_FUNCTION = YES;
				GCC_WARN_UNUSED_VARIABLE = YES;
				IPHONEOS_DEPLOYMENT_TARGET = 9.3;
				MTL_ENABLE_DEBUG_INFO = YES;
				ONLY_ACTIVE_ARCH = YES;
				SDKROOT = iphoneos;
				SWIFT_OPTIMIZATION_LEVEL = "-Onone";
				TARGETED_DEVICE_FAMILY = "1,2";
			};
			name = Debug;
		};
		1892308C1D355CF200AF513F /* Release */ = {
			isa = XCBuildConfiguration;
			buildSettings = {
				ALWAYS_SEARCH_USER_PATHS = NO;
				CLANG_ANALYZER_NONNULL = YES;
				CLANG_CXX_LANGUAGE_STANDARD = "gnu++0x";
				CLANG_CXX_LIBRARY = "libc++";
				CLANG_ENABLE_MODULES = YES;
				CLANG_ENABLE_OBJC_ARC = YES;
				CLANG_WARN_BOOL_CONVERSION = YES;
				CLANG_WARN_CONSTANT_CONVERSION = YES;
				CLANG_WARN_DIRECT_OBJC_ISA_USAGE = YES_ERROR;
				CLANG_WARN_EMPTY_BODY = YES;
				CLANG_WARN_ENUM_CONVERSION = YES;
				CLANG_WARN_INT_CONVERSION = YES;
				CLANG_WARN_OBJC_ROOT_CLASS = YES_ERROR;
				CLANG_WARN_UNREACHABLE_CODE = YES;
				CLANG_WARN__DUPLICATE_METHOD_MATCH = YES;
				"CODE_SIGN_IDENTITY[sdk=iphoneos*]" = "iPhone Developer";
				COPY_PHASE_STRIP = NO;
				DEBUG_INFORMATION_FORMAT = "dwarf-with-dsym";
				ENABLE_NS_ASSERTIONS = NO;
				ENABLE_STRICT_OBJC_MSGSEND = YES;
				GCC_C_LANGUAGE_STANDARD = gnu99;
				GCC_NO_COMMON_BLOCKS = YES;
				GCC_WARN_64_TO_32_BIT_CONVERSION = YES;
				GCC_WARN_ABOUT_RETURN_TYPE = YES_ERROR;
				GCC_WARN_UNDECLARED_SELECTOR = YES;
				GCC_WARN_UNINITIALIZED_AUTOS = YES_AGGRESSIVE;
				GCC_WARN_UNUSED_FUNCTION = YES;
				GCC_WARN_UNUSED_VARIABLE = YES;
				IPHONEOS_DEPLOYMENT_TARGET = 9.3;
				MTL_ENABLE_DEBUG_INFO = NO;
				SDKROOT = iphoneos;
				TARGETED_DEVICE_FAMILY = "1,2";
				VALIDATE_PRODUCT = YES;
			};
			name = Release;
		};
		1892308E1D355CF200AF513F /* Debug */ = {
			isa = XCBuildConfiguration;
			buildSettings = {
				ASSETCATALOG_COMPILER_APPICON_NAME = AppIcon;
				INFOPLIST_FILE = iXpore2/Info.plist;
				LD_RUNPATH_SEARCH_PATHS = "$(inherited) @executable_path/Frameworks";
				PRODUCT_BUNDLE_IDENTIFIER = NU.iXpore2;
				PRODUCT_NAME = "$(TARGET_NAME)";
			};
			name = Debug;
		};
		1892308F1D355CF200AF513F /* Release */ = {
			isa = XCBuildConfiguration;
			buildSettings = {
				ASSETCATALOG_COMPILER_APPICON_NAME = AppIcon;
				INFOPLIST_FILE = iXpore2/Info.plist;
				LD_RUNPATH_SEARCH_PATHS = "$(inherited) @executable_path/Frameworks";
				PRODUCT_BUNDLE_IDENTIFIER = NU.iXpore2;
				PRODUCT_NAME = "$(TARGET_NAME)";
			};
			name = Release;
		};
		189230911D355CF200AF513F /* Debug */ = {
			isa = XCBuildConfiguration;
			buildSettings = {
				BUNDLE_LOADER = "$(TEST_HOST)";
				INFOPLIST_FILE = iXpore2Tests/Info.plist;
				LD_RUNPATH_SEARCH_PATHS = "$(inherited) @executable_path/Frameworks @loader_path/Frameworks";
				PRODUCT_BUNDLE_IDENTIFIER = NU.iXpore2Tests;
				PRODUCT_NAME = "$(TARGET_NAME)";
				TEST_HOST = "$(BUILT_PRODUCTS_DIR)/iXpore2.app/iXpore2";
			};
			name = Debug;
		};
		189230921D355CF200AF513F /* Release */ = {
			isa = XCBuildConfiguration;
			buildSettings = {
				BUNDLE_LOADER = "$(TEST_HOST)";
				INFOPLIST_FILE = iXpore2Tests/Info.plist;
				LD_RUNPATH_SEARCH_PATHS = "$(inherited) @executable_path/Frameworks @loader_path/Frameworks";
				PRODUCT_BUNDLE_IDENTIFIER = NU.iXpore2Tests;
				PRODUCT_NAME = "$(TARGET_NAME)";
				TEST_HOST = "$(BUILT_PRODUCTS_DIR)/iXpore2.app/iXpore2";
			};
			name = Release;
		};
		189230941D355CF200AF513F /* Debug */ = {
			isa = XCBuildConfiguration;
			buildSettings = {
				INFOPLIST_FILE = iXpore2UITests/Info.plist;
				LD_RUNPATH_SEARCH_PATHS = "$(inherited) @executable_path/Frameworks @loader_path/Frameworks";
				PRODUCT_BUNDLE_IDENTIFIER = NU.iXpore2UITests;
				PRODUCT_NAME = "$(TARGET_NAME)";
				TEST_TARGET_NAME = iXpore2;
			};
			name = Debug;
		};
		189230951D355CF200AF513F /* Release */ = {
			isa = XCBuildConfiguration;
			buildSettings = {
				INFOPLIST_FILE = iXpore2UITests/Info.plist;
				LD_RUNPATH_SEARCH_PATHS = "$(inherited) @executable_path/Frameworks @loader_path/Frameworks";
				PRODUCT_BUNDLE_IDENTIFIER = NU.iXpore2UITests;
				PRODUCT_NAME = "$(TARGET_NAME)";
				TEST_TARGET_NAME = iXpore2;
			};
			name = Release;
		};
/* End XCBuildConfiguration section */

/* Begin XCConfigurationList section */
		189230601D355CF200AF513F /* Build configuration list for PBXProject "iXpore2" */ = {
			isa = XCConfigurationList;
			buildConfigurations = (
				1892308B1D355CF200AF513F /* Debug */,
				1892308C1D355CF200AF513F /* Release */,
			);
			defaultConfigurationIsVisible = 0;
			defaultConfigurationName = Release;
		};
		1892308D1D355CF200AF513F /* Build configuration list for PBXNativeTarget "iXpore2" */ = {
			isa = XCConfigurationList;
			buildConfigurations = (
				1892308E1D355CF200AF513F /* Debug */,
				1892308F1D355CF200AF513F /* Release */,
			);
			defaultConfigurationIsVisible = 0;
			defaultConfigurationName = Release;
		};
		189230901D355CF200AF513F /* Build configuration list for PBXNativeTarget "iXpore2Tests" */ = {
			isa = XCConfigurationList;
			buildConfigurations = (
				189230911D355CF200AF513F /* Debug */,
				189230921D355CF200AF513F /* Release */,
			);
			defaultConfigurationIsVisible = 0;
			defaultConfigurationName = Release;
		};
		189230931D355CF200AF513F /* Build configuration list for PBXNativeTarget "iXpore2UITests" */ = {
			isa = XCConfigurationList;
			buildConfigurations = (
				189230941D355CF200AF513F /* Debug */,
				189230951D355CF200AF513F /* Release */,
			);
			defaultConfigurationIsVisible = 0;
			defaultConfigurationName = Release;
		};
/* End XCConfigurationList section */
	};
	rootObject = 1892305D1D355CF200AF513F /* Project object */;
}
